
Microsoft Visual Studio Solution File, Format Version 12.00
# Visual Studio 14
VisualStudioVersion = 14.0.25420.1
MinimumVisualStudioVersion = 10.0.40219.1
Project("{FAE04EC0-301F-11D3-BF4B-00C04F79EFBC}") = "DatabindingFormsApp", "DatabindingFormsApp\DatabindingFormsApp\DatabindingFormsApp.csproj", "{C9DCE582-0690-4FB9-9DA2-4F9F963A5553}"
EndProject
Project("{FAE04EC0-301F-11D3-BF4B-00C04F79EFBC}") = "DatabindingFormsApp.Droid", "DatabindingFormsApp\DatabindingFormsApp.Droid\DatabindingFormsApp.Droid.csproj", "{5995FD20-5A40-4FF3-AEF0-14B86AA26B30}"
EndProject
Project("{FAE04EC0-301F-11D3-BF4B-00C04F79EFBC}") = "DatabindingFormsApp.iOS", "DatabindingFormsApp\DatabindingFormsApp.iOS\DatabindingFormsApp.iOS.csproj", "{A9DA1F19-3CA9-41DE-874C-33CF34FA73A9}"
EndProject
Project("{FAE04EC0-301F-11D3-BF4B-00C04F79EFBC}") = "DatabindingFormsApp.WinPhone", "DatabindingFormsApp\DatabindingFormsApp.WinPhone\DatabindingFormsApp.WinPhone.csproj", "{1E1699A5-2C5E-4262-99B1-DCA93DC9EFA6}"
EndProject
Project("{FAE04EC0-301F-11D3-BF4B-00C04F79EFBC}") = "DatabindingFormsApp.UWP", "DatabindingFormsApp\DatabindingFormsApp.UWP\DatabindingFormsApp.UWP.csproj", "{2A312A67-AF51-4F83-8C32-D96A25D1E6DE}"
EndProject
Project("{FAE04EC0-301F-11D3-BF4B-00C04F79EFBC}") = "DatabindingFormsApp.Windows", "DatabindingFormsApp\DatabindingFormsApp.Windows\DatabindingFormsApp.Windows.csproj", "{3E704D5F-F6BD-4E51-AE02-952D61112A79}"
EndProject
Global
	GlobalSection(SolutionConfigurationPlatforms) = preSolution
		Ad-Hoc|Any CPU = Ad-Hoc|Any CPU
		Ad-Hoc|ARM = Ad-Hoc|ARM
		Ad-Hoc|iPhone = Ad-Hoc|iPhone
		Ad-Hoc|iPhoneSimulator = Ad-Hoc|iPhoneSimulator
		Ad-Hoc|x64 = Ad-Hoc|x64
		Ad-Hoc|x86 = Ad-Hoc|x86
		AppStore|Any CPU = AppStore|Any CPU
		AppStore|ARM = AppStore|ARM
		AppStore|iPhone = AppStore|iPhone
		AppStore|iPhoneSimulator = AppStore|iPhoneSimulator
		AppStore|x64 = AppStore|x64
		AppStore|x86 = AppStore|x86
		Debug|Any CPU = Debug|Any CPU
		Debug|ARM = Debug|ARM
		Debug|iPhone = Debug|iPhone
		Debug|iPhoneSimulator = Debug|iPhoneSimulator
		Debug|x64 = Debug|x64
		Debug|x86 = Debug|x86
		Release|Any CPU = Release|Any CPU
		Release|ARM = Release|ARM
		Release|iPhone = Release|iPhone
		Release|iPhoneSimulator = Release|iPhoneSimulator
		Release|x64 = Release|x64
		Release|x86 = Release|x86
	EndGlobalSection
	GlobalSection(ProjectConfigurationPlatforms) = postSolution
		{C9DCE582-0690-4FB9-9DA2-4F9F963A5553}.Ad-Hoc|Any CPU.ActiveCfg = Release|Any CPU
		{C9DCE582-0690-4FB9-9DA2-4F9F963A5553}.Ad-Hoc|Any CPU.Build.0 = Release|Any CPU
		{C9DCE582-0690-4FB9-9DA2-4F9F963A5553}.Ad-Hoc|ARM.ActiveCfg = Release|Any CPU
		{C9DCE582-0690-4FB9-9DA2-4F9F963A5553}.Ad-Hoc|ARM.Build.0 = Release|Any CPU
		{C9DCE582-0690-4FB9-9DA2-4F9F963A5553}.Ad-Hoc|iPhone.ActiveCfg = Release|Any CPU
		{C9DCE582-0690-4FB9-9DA2-4F9F963A5553}.Ad-Hoc|iPhone.Build.0 = Release|Any CPU
		{C9DCE582-0690-4FB9-9DA2-4F9F963A5553}.Ad-Hoc|iPhoneSimulator.ActiveCfg = Release|Any CPU
		{C9DCE582-0690-4FB9-9DA2-4F9F963A5553}.Ad-Hoc|iPhoneSimulator.Build.0 = Release|Any CPU
		{C9DCE582-0690-4FB9-9DA2-4F9F963A5553}.Ad-Hoc|x64.ActiveCfg = Release|Any CPU
		{C9DCE582-0690-4FB9-9DA2-4F9F963A5553}.Ad-Hoc|x64.Build.0 = Release|Any CPU
		{C9DCE582-0690-4FB9-9DA2-4F9F963A5553}.Ad-Hoc|x86.ActiveCfg = Release|Any CPU
		{C9DCE582-0690-4FB9-9DA2-4F9F963A5553}.Ad-Hoc|x86.Build.0 = Release|Any CPU
		{C9DCE582-0690-4FB9-9DA2-4F9F963A5553}.AppStore|Any CPU.ActiveCfg = Release|Any CPU
		{C9DCE582-0690-4FB9-9DA2-4F9F963A5553}.AppStore|Any CPU.Build.0 = Release|Any CPU
		{C9DCE582-0690-4FB9-9DA2-4F9F963A5553}.AppStore|ARM.ActiveCfg = Release|Any CPU
		{C9DCE582-0690-4FB9-9DA2-4F9F963A5553}.AppStore|ARM.Build.0 = Release|Any CPU
		{C9DCE582-0690-4FB9-9DA2-4F9F963A5553}.AppStore|iPhone.ActiveCfg = Release|Any CPU
		{C9DCE582-0690-4FB9-9DA2-4F9F963A5553}.AppStore|iPhone.Build.0 = Release|Any CPU
		{C9DCE582-0690-4FB9-9DA2-4F9F963A5553}.AppStore|iPhoneSimulator.ActiveCfg = Release|Any CPU
		{C9DCE582-0690-4FB9-9DA2-4F9F963A5553}.AppStore|iPhoneSimulator.Build.0 = Release|Any CPU
		{C9DCE582-0690-4FB9-9DA2-4F9F963A5553}.AppStore|x64.ActiveCfg = Release|Any CPU
		{C9DCE582-0690-4FB9-9DA2-4F9F963A5553}.AppStore|x64.Build.0 = Release|Any CPU
		{C9DCE582-0690-4FB9-9DA2-4F9F963A5553}.AppStore|x86.ActiveCfg = Release|Any CPU
		{C9DCE582-0690-4FB9-9DA2-4F9F963A5553}.AppStore|x86.Build.0 = Release|Any CPU
		{C9DCE582-0690-4FB9-9DA2-4F9F963A5553}.Debug|Any CPU.ActiveCfg = Debug|Any CPU
		{C9DCE582-0690-4FB9-9DA2-4F9F963A5553}.Debug|Any CPU.Build.0 = Debug|Any CPU
		{C9DCE582-0690-4FB9-9DA2-4F9F963A5553}.Debug|ARM.ActiveCfg = Debug|Any CPU
		{C9DCE582-0690-4FB9-9DA2-4F9F963A5553}.Debug|ARM.Build.0 = Debug|Any CPU
		{C9DCE582-0690-4FB9-9DA2-4F9F963A5553}.Debug|iPhone.ActiveCfg = Debug|Any CPU
		{C9DCE582-0690-4FB9-9DA2-4F9F963A5553}.Debug|iPhone.Build.0 = Debug|Any CPU
		{C9DCE582-0690-4FB9-9DA2-4F9F963A5553}.Debug|iPhoneSimulator.ActiveCfg = Debug|Any CPU
		{C9DCE582-0690-4FB9-9DA2-4F9F963A5553}.Debug|iPhoneSimulator.Build.0 = Debug|Any CPU
		{C9DCE582-0690-4FB9-9DA2-4F9F963A5553}.Debug|x64.ActiveCfg = Debug|Any CPU
		{C9DCE582-0690-4FB9-9DA2-4F9F963A5553}.Debug|x64.Build.0 = Debug|Any CPU
		{C9DCE582-0690-4FB9-9DA2-4F9F963A5553}.Debug|x86.ActiveCfg = Debug|Any CPU
		{C9DCE582-0690-4FB9-9DA2-4F9F963A5553}.Debug|x86.Build.0 = Debug|Any CPU
		{C9DCE582-0690-4FB9-9DA2-4F9F963A5553}.Release|Any CPU.ActiveCfg = Release|Any CPU
		{C9DCE582-0690-4FB9-9DA2-4F9F963A5553}.Release|Any CPU.Build.0 = Release|Any CPU
		{C9DCE582-0690-4FB9-9DA2-4F9F963A5553}.Release|ARM.ActiveCfg = Release|Any CPU
		{C9DCE582-0690-4FB9-9DA2-4F9F963A5553}.Release|ARM.Build.0 = Release|Any CPU
		{C9DCE582-0690-4FB9-9DA2-4F9F963A5553}.Release|iPhone.ActiveCfg = Release|Any CPU
		{C9DCE582-0690-4FB9-9DA2-4F9F963A5553}.Release|iPhone.Build.0 = Release|Any CPU
		{C9DCE582-0690-4FB9-9DA2-4F9F963A5553}.Release|iPhoneSimulator.ActiveCfg = Release|Any CPU
		{C9DCE582-0690-4FB9-9DA2-4F9F963A5553}.Release|iPhoneSimulator.Build.0 = Release|Any CPU
		{C9DCE582-0690-4FB9-9DA2-4F9F963A5553}.Release|x64.ActiveCfg = Release|Any CPU
		{C9DCE582-0690-4FB9-9DA2-4F9F963A5553}.Release|x64.Build.0 = Release|Any CPU
		{C9DCE582-0690-4FB9-9DA2-4F9F963A5553}.Release|x86.ActiveCfg = Release|Any CPU
		{C9DCE582-0690-4FB9-9DA2-4F9F963A5553}.Release|x86.Build.0 = Release|Any CPU
		{5995FD20-5A40-4FF3-AEF0-14B86AA26B30}.Ad-Hoc|Any CPU.ActiveCfg = Release|Any CPU
		{5995FD20-5A40-4FF3-AEF0-14B86AA26B30}.Ad-Hoc|Any CPU.Build.0 = Release|Any CPU
		{5995FD20-5A40-4FF3-AEF0-14B86AA26B30}.Ad-Hoc|Any CPU.Deploy.0 = Release|Any CPU
		{5995FD20-5A40-4FF3-AEF0-14B86AA26B30}.Ad-Hoc|ARM.ActiveCfg = Release|Any CPU
		{5995FD20-5A40-4FF3-AEF0-14B86AA26B30}.Ad-Hoc|ARM.Build.0 = Release|Any CPU
		{5995FD20-5A40-4FF3-AEF0-14B86AA26B30}.Ad-Hoc|ARM.Deploy.0 = Release|Any CPU
		{5995FD20-5A40-4FF3-AEF0-14B86AA26B30}.Ad-Hoc|iPhone.ActiveCfg = Release|Any CPU
		{5995FD20-5A40-4FF3-AEF0-14B86AA26B30}.Ad-Hoc|iPhone.Build.0 = Release|Any CPU
		{5995FD20-5A40-4FF3-AEF0-14B86AA26B30}.Ad-Hoc|iPhone.Deploy.0 = Release|Any CPU
		{5995FD20-5A40-4FF3-AEF0-14B86AA26B30}.Ad-Hoc|iPhoneSimulator.ActiveCfg = Release|Any CPU
		{5995FD20-5A40-4FF3-AEF0-14B86AA26B30}.Ad-Hoc|iPhoneSimulator.Build.0 = Release|Any CPU
		{5995FD20-5A40-4FF3-AEF0-14B86AA26B30}.Ad-Hoc|iPhoneSimulator.Deploy.0 = Release|Any CPU
		{5995FD20-5A40-4FF3-AEF0-14B86AA26B30}.Ad-Hoc|x64.ActiveCfg = Release|Any CPU
		{5995FD20-5A40-4FF3-AEF0-14B86AA26B30}.Ad-Hoc|x64.Build.0 = Release|Any CPU
		{5995FD20-5A40-4FF3-AEF0-14B86AA26B30}.Ad-Hoc|x64.Deploy.0 = Release|Any CPU
		{5995FD20-5A40-4FF3-AEF0-14B86AA26B30}.Ad-Hoc|x86.ActiveCfg = Release|Any CPU
		{5995FD20-5A40-4FF3-AEF0-14B86AA26B30}.Ad-Hoc|x86.Build.0 = Release|Any CPU
		{5995FD20-5A40-4FF3-AEF0-14B86AA26B30}.Ad-Hoc|x86.Deploy.0 = Release|Any CPU
		{5995FD20-5A40-4FF3-AEF0-14B86AA26B30}.AppStore|Any CPU.ActiveCfg = Release|Any CPU
		{5995FD20-5A40-4FF3-AEF0-14B86AA26B30}.AppStore|Any CPU.Build.0 = Release|Any CPU
		{5995FD20-5A40-4FF3-AEF0-14B86AA26B30}.AppStore|Any CPU.Deploy.0 = Release|Any CPU
		{5995FD20-5A40-4FF3-AEF0-14B86AA26B30}.AppStore|ARM.ActiveCfg = Release|Any CPU
		{5995FD20-5A40-4FF3-AEF0-14B86AA26B30}.AppStore|ARM.Build.0 = Release|Any CPU
		{5995FD20-5A40-4FF3-AEF0-14B86AA26B30}.AppStore|ARM.Deploy.0 = Release|Any CPU
		{5995FD20-5A40-4FF3-AEF0-14B86AA26B30}.AppStore|iPhone.ActiveCfg = Release|Any CPU
		{5995FD20-5A40-4FF3-AEF0-14B86AA26B30}.AppStore|iPhone.Build.0 = Release|Any CPU
		{5995FD20-5A40-4FF3-AEF0-14B86AA26B30}.AppStore|iPhone.Deploy.0 = Release|Any CPU
		{5995FD20-5A40-4FF3-AEF0-14B86AA26B30}.AppStore|iPhoneSimulator.ActiveCfg = Release|Any CPU
		{5995FD20-5A40-4FF3-AEF0-14B86AA26B30}.AppStore|iPhoneSimulator.Build.0 = Release|Any CPU
		{5995FD20-5A40-4FF3-AEF0-14B86AA26B30}.AppStore|iPhoneSimulator.Deploy.0 = Release|Any CPU
		{5995FD20-5A40-4FF3-AEF0-14B86AA26B30}.AppStore|x64.ActiveCfg = Release|Any CPU
		{5995FD20-5A40-4FF3-AEF0-14B86AA26B30}.AppStore|x64.Build.0 = Release|Any CPU
		{5995FD20-5A40-4FF3-AEF0-14B86AA26B30}.AppStore|x64.Deploy.0 = Release|Any CPU
		{5995FD20-5A40-4FF3-AEF0-14B86AA26B30}.AppStore|x86.ActiveCfg = Release|Any CPU
		{5995FD20-5A40-4FF3-AEF0-14B86AA26B30}.AppStore|x86.Build.0 = Release|Any CPU
		{5995FD20-5A40-4FF3-AEF0-14B86AA26B30}.AppStore|x86.Deploy.0 = Release|Any CPU
		{5995FD20-5A40-4FF3-AEF0-14B86AA26B30}.Debug|Any CPU.ActiveCfg = Debug|Any CPU
		{5995FD20-5A40-4FF3-AEF0-14B86AA26B30}.Debug|Any CPU.Build.0 = Debug|Any CPU
		{5995FD20-5A40-4FF3-AEF0-14B86AA26B30}.Debug|Any CPU.Deploy.0 = Debug|Any CPU
		{5995FD20-5A40-4FF3-AEF0-14B86AA26B30}.Debug|ARM.ActiveCfg = Debug|Any CPU
		{5995FD20-5A40-4FF3-AEF0-14B86AA26B30}.Debug|ARM.Build.0 = Debug|Any CPU
		{5995FD20-5A40-4FF3-AEF0-14B86AA26B30}.Debug|ARM.Deploy.0 = Debug|Any CPU
		{5995FD20-5A40-4FF3-AEF0-14B86AA26B30}.Debug|iPhone.ActiveCfg = Debug|Any CPU
		{5995FD20-5A40-4FF3-AEF0-14B86AA26B30}.Debug|iPhone.Build.0 = Debug|Any CPU
		{5995FD20-5A40-4FF3-AEF0-14B86AA26B30}.Debug|iPhone.Deploy.0 = Debug|Any CPU
		{5995FD20-5A40-4FF3-AEF0-14B86AA26B30}.Debug|iPhoneSimulator.ActiveCfg = Debug|Any CPU
		{5995FD20-5A40-4FF3-AEF0-14B86AA26B30}.Debug|iPhoneSimulator.Build.0 = Debug|Any CPU
		{5995FD20-5A40-4FF3-AEF0-14B86AA26B30}.Debug|iPhoneSimulator.Deploy.0 = Debug|Any CPU
		{5995FD20-5A40-4FF3-AEF0-14B86AA26B30}.Debug|x64.ActiveCfg = Debug|Any CPU
		{5995FD20-5A40-4FF3-AEF0-14B86AA26B30}.Debug|x64.Build.0 = Debug|Any CPU
		{5995FD20-5A40-4FF3-AEF0-14B86AA26B30}.Debug|x64.Deploy.0 = Debug|Any CPU
		{5995FD20-5A40-4FF3-AEF0-14B86AA26B30}.Debug|x86.ActiveCfg = Debug|Any CPU
		{5995FD20-5A40-4FF3-AEF0-14B86AA26B30}.Debug|x86.Build.0 = Debug|Any CPU
		{5995FD20-5A40-4FF3-AEF0-14B86AA26B30}.Debug|x86.Deploy.0 = Debug|Any CPU
		{5995FD20-5A40-4FF3-AEF0-14B86AA26B30}.Release|Any CPU.ActiveCfg = Release|Any CPU
		{5995FD20-5A40-4FF3-AEF0-14B86AA26B30}.Release|Any CPU.Build.0 = Release|Any CPU
		{5995FD20-5A40-4FF3-AEF0-14B86AA26B30}.Release|Any CPU.Deploy.0 = Release|Any CPU
		{5995FD20-5A40-4FF3-AEF0-14B86AA26B30}.Release|ARM.ActiveCfg = Release|Any CPU
		{5995FD20-5A40-4FF3-AEF0-14B86AA26B30}.Release|ARM.Build.0 = Release|Any CPU
		{5995FD20-5A40-4FF3-AEF0-14B86AA26B30}.Release|ARM.Deploy.0 = Release|Any CPU
		{5995FD20-5A40-4FF3-AEF0-14B86AA26B30}.Release|iPhone.ActiveCfg = Release|Any CPU
		{5995FD20-5A40-4FF3-AEF0-14B86AA26B30}.Release|iPhone.Build.0 = Release|Any CPU
		{5995FD20-5A40-4FF3-AEF0-14B86AA26B30}.Release|iPhone.Deploy.0 = Release|Any CPU
		{5995FD20-5A40-4FF3-AEF0-14B86AA26B30}.Release|iPhoneSimulator.ActiveCfg = Release|Any CPU
		{5995FD20-5A40-4FF3-AEF0-14B86AA26B30}.Release|iPhoneSimulator.Build.0 = Release|Any CPU
		{5995FD20-5A40-4FF3-AEF0-14B86AA26B30}.Release|iPhoneSimulator.Deploy.0 = Release|Any CPU
		{5995FD20-5A40-4FF3-AEF0-14B86AA26B30}.Release|x64.ActiveCfg = Release|Any CPU
		{5995FD20-5A40-4FF3-AEF0-14B86AA26B30}.Release|x64.Build.0 = Release|Any CPU
		{5995FD20-5A40-4FF3-AEF0-14B86AA26B30}.Release|x64.Deploy.0 = Release|Any CPU
		{5995FD20-5A40-4FF3-AEF0-14B86AA26B30}.Release|x86.ActiveCfg = Release|Any CPU
		{5995FD20-5A40-4FF3-AEF0-14B86AA26B30}.Release|x86.Build.0 = Release|Any CPU
		{5995FD20-5A40-4FF3-AEF0-14B86AA26B30}.Release|x86.Deploy.0 = Release|Any CPU
		{A9DA1F19-3CA9-41DE-874C-33CF34FA73A9}.Ad-Hoc|Any CPU.ActiveCfg = Ad-Hoc|iPhone
		{A9DA1F19-3CA9-41DE-874C-33CF34FA73A9}.Ad-Hoc|ARM.ActiveCfg = Ad-Hoc|iPhone
		{A9DA1F19-3CA9-41DE-874C-33CF34FA73A9}.Ad-Hoc|iPhone.ActiveCfg = Ad-Hoc|iPhone
		{A9DA1F19-3CA9-41DE-874C-33CF34FA73A9}.Ad-Hoc|iPhone.Build.0 = Ad-Hoc|iPhone
		{A9DA1F19-3CA9-41DE-874C-33CF34FA73A9}.Ad-Hoc|iPhoneSimulator.ActiveCfg = Ad-Hoc|iPhoneSimulator
		{A9DA1F19-3CA9-41DE-874C-33CF34FA73A9}.Ad-Hoc|iPhoneSimulator.Build.0 = Ad-Hoc|iPhoneSimulator
		{A9DA1F19-3CA9-41DE-874C-33CF34FA73A9}.Ad-Hoc|x64.ActiveCfg = Ad-Hoc|iPhone
		{A9DA1F19-3CA9-41DE-874C-33CF34FA73A9}.Ad-Hoc|x86.ActiveCfg = Ad-Hoc|iPhone
		{A9DA1F19-3CA9-41DE-874C-33CF34FA73A9}.AppStore|Any CPU.ActiveCfg = AppStore|iPhone
		{A9DA1F19-3CA9-41DE-874C-33CF34FA73A9}.AppStore|ARM.ActiveCfg = AppStore|iPhone
		{A9DA1F19-3CA9-41DE-874C-33CF34FA73A9}.AppStore|iPhone.ActiveCfg = AppStore|iPhone
		{A9DA1F19-3CA9-41DE-874C-33CF34FA73A9}.AppStore|iPhone.Build.0 = AppStore|iPhone
		{A9DA1F19-3CA9-41DE-874C-33CF34FA73A9}.AppStore|iPhoneSimulator.ActiveCfg = AppStore|iPhoneSimulator
		{A9DA1F19-3CA9-41DE-874C-33CF34FA73A9}.AppStore|iPhoneSimulator.Build.0 = AppStore|iPhoneSimulator
		{A9DA1F19-3CA9-41DE-874C-33CF34FA73A9}.AppStore|x64.ActiveCfg = AppStore|iPhone
		{A9DA1F19-3CA9-41DE-874C-33CF34FA73A9}.AppStore|x86.ActiveCfg = AppStore|iPhone
		{A9DA1F19-3CA9-41DE-874C-33CF34FA73A9}.Debug|Any CPU.ActiveCfg = Debug|iPhone
		{A9DA1F19-3CA9-41DE-874C-33CF34FA73A9}.Debug|ARM.ActiveCfg = Debug|iPhone
		{A9DA1F19-3CA9-41DE-874C-33CF34FA73A9}.Debug|iPhone.ActiveCfg = Debug|iPhone
		{A9DA1F19-3CA9-41DE-874C-33CF34FA73A9}.Debug|iPhone.Build.0 = Debug|iPhone
		{A9DA1F19-3CA9-41DE-874C-33CF34FA73A9}.Debug|iPhoneSimulator.ActiveCfg = Debug|iPhoneSimulator
		{A9DA1F19-3CA9-41DE-874C-33CF34FA73A9}.Debug|iPhoneSimulator.Build.0 = Debug|iPhoneSimulator
		{A9DA1F19-3CA9-41DE-874C-33CF34FA73A9}.Debug|x64.ActiveCfg = Debug|iPhone
		{A9DA1F19-3CA9-41DE-874C-33CF34FA73A9}.Debug|x86.ActiveCfg = Debug|iPhone
		{A9DA1F19-3CA9-41DE-874C-33CF34FA73A9}.Release|Any CPU.ActiveCfg = Release|iPhone
		{A9DA1F19-3CA9-41DE-874C-33CF34FA73A9}.Release|ARM.ActiveCfg = Release|iPhone
		{A9DA1F19-3CA9-41DE-874C-33CF34FA73A9}.Release|iPhone.ActiveCfg = Release|iPhone
		{A9DA1F19-3CA9-41DE-874C-33CF34FA73A9}.Release|iPhone.Build.0 = Release|iPhone
		{A9DA1F19-3CA9-41DE-874C-33CF34FA73A9}.Release|iPhoneSimulator.ActiveCfg = Release|iPhoneSimulator
		{A9DA1F19-3CA9-41DE-874C-33CF34FA73A9}.Release|iPhoneSimulator.Build.0 = Release|iPhoneSimulator
		{A9DA1F19-3CA9-41DE-874C-33CF34FA73A9}.Release|x64.ActiveCfg = Release|iPhone
		{A9DA1F19-3CA9-41DE-874C-33CF34FA73A9}.Release|x86.ActiveCfg = Release|iPhone
		{1E1699A5-2C5E-4262-99B1-DCA93DC9EFA6}.Ad-Hoc|Any CPU.ActiveCfg = Release|Any CPU
		{1E1699A5-2C5E-4262-99B1-DCA93DC9EFA6}.Ad-Hoc|Any CPU.Build.0 = Release|Any CPU
		{1E1699A5-2C5E-4262-99B1-DCA93DC9EFA6}.Ad-Hoc|Any CPU.Deploy.0 = Release|Any CPU
		{1E1699A5-2C5E-4262-99B1-DCA93DC9EFA6}.Ad-Hoc|ARM.ActiveCfg = Release|ARM
		{1E1699A5-2C5E-4262-99B1-DCA93DC9EFA6}.Ad-Hoc|ARM.Build.0 = Release|ARM
		{1E1699A5-2C5E-4262-99B1-DCA93DC9EFA6}.Ad-Hoc|ARM.Deploy.0 = Release|ARM
		{1E1699A5-2C5E-4262-99B1-DCA93DC9EFA6}.Ad-Hoc|iPhone.ActiveCfg = Release|Any CPU
		{1E1699A5-2C5E-4262-99B1-DCA93DC9EFA6}.Ad-Hoc|iPhone.Build.0 = Release|Any CPU
		{1E1699A5-2C5E-4262-99B1-DCA93DC9EFA6}.Ad-Hoc|iPhone.Deploy.0 = Release|Any CPU
		{1E1699A5-2C5E-4262-99B1-DCA93DC9EFA6}.Ad-Hoc|iPhoneSimulator.ActiveCfg = Release|Any CPU
		{1E1699A5-2C5E-4262-99B1-DCA93DC9EFA6}.Ad-Hoc|iPhoneSimulator.Build.0 = Release|Any CPU
		{1E1699A5-2C5E-4262-99B1-DCA93DC9EFA6}.Ad-Hoc|iPhoneSimulator.Deploy.0 = Release|Any CPU
		{1E1699A5-2C5E-4262-99B1-DCA93DC9EFA6}.Ad-Hoc|x64.ActiveCfg = Release|Any CPU
		{1E1699A5-2C5E-4262-99B1-DCA93DC9EFA6}.Ad-Hoc|x64.Build.0 = Release|Any CPU
		{1E1699A5-2C5E-4262-99B1-DCA93DC9EFA6}.Ad-Hoc|x64.Deploy.0 = Release|Any CPU
		{1E1699A5-2C5E-4262-99B1-DCA93DC9EFA6}.Ad-Hoc|x86.ActiveCfg = Release|x86
		{1E1699A5-2C5E-4262-99B1-DCA93DC9EFA6}.Ad-Hoc|x86.Build.0 = Release|x86
		{1E1699A5-2C5E-4262-99B1-DCA93DC9EFA6}.Ad-Hoc|x86.Deploy.0 = Release|x86
		{1E1699A5-2C5E-4262-99B1-DCA93DC9EFA6}.AppStore|Any CPU.ActiveCfg = Release|Any CPU
		{1E1699A5-2C5E-4262-99B1-DCA93DC9EFA6}.AppStore|Any CPU.Build.0 = Release|Any CPU
		{1E1699A5-2C5E-4262-99B1-DCA93DC9EFA6}.AppStore|Any CPU.Deploy.0 = Release|Any CPU
		{1E1699A5-2C5E-4262-99B1-DCA93DC9EFA6}.AppStore|ARM.ActiveCfg = Release|ARM
		{1E1699A5-2C5E-4262-99B1-DCA93DC9EFA6}.AppStore|ARM.Build.0 = Release|ARM
		{1E1699A5-2C5E-4262-99B1-DCA93DC9EFA6}.AppStore|ARM.Deploy.0 = Release|ARM
		{1E1699A5-2C5E-4262-99B1-DCA93DC9EFA6}.AppStore|iPhone.ActiveCfg = Release|Any CPU
		{1E1699A5-2C5E-4262-99B1-DCA93DC9EFA6}.AppStore|iPhone.Build.0 = Release|Any CPU
		{1E1699A5-2C5E-4262-99B1-DCA93DC9EFA6}.AppStore|iPhone.Deploy.0 = Release|Any CPU
		{1E1699A5-2C5E-4262-99B1-DCA93DC9EFA6}.AppStore|iPhoneSimulator.ActiveCfg = Release|Any CPU
		{1E1699A5-2C5E-4262-99B1-DCA93DC9EFA6}.AppStore|iPhoneSimulator.Build.0 = Release|Any CPU
		{1E1699A5-2C5E-4262-99B1-DCA93DC9EFA6}.AppStore|iPhoneSimulator.Deploy.0 = Release|Any CPU
		{1E1699A5-2C5E-4262-99B1-DCA93DC9EFA6}.AppStore|x64.ActiveCfg = Release|Any CPU
		{1E1699A5-2C5E-4262-99B1-DCA93DC9EFA6}.AppStore|x64.Build.0 = Release|Any CPU
		{1E1699A5-2C5E-4262-99B1-DCA93DC9EFA6}.AppStore|x64.Deploy.0 = Release|Any CPU
		{1E1699A5-2C5E-4262-99B1-DCA93DC9EFA6}.AppStore|x86.ActiveCfg = Release|x86
		{1E1699A5-2C5E-4262-99B1-DCA93DC9EFA6}.AppStore|x86.Build.0 = Release|x86
		{1E1699A5-2C5E-4262-99B1-DCA93DC9EFA6}.AppStore|x86.Deploy.0 = Release|x86
		{1E1699A5-2C5E-4262-99B1-DCA93DC9EFA6}.Debug|Any CPU.ActiveCfg = Debug|Any CPU
		{1E1699A5-2C5E-4262-99B1-DCA93DC9EFA6}.Debug|Any CPU.Build.0 = Debug|Any CPU
		{1E1699A5-2C5E-4262-99B1-DCA93DC9EFA6}.Debug|Any CPU.Deploy.0 = Debug|Any CPU
		{1E1699A5-2C5E-4262-99B1-DCA93DC9EFA6}.Debug|ARM.ActiveCfg = Debug|ARM
		{1E1699A5-2C5E-4262-99B1-DCA93DC9EFA6}.Debug|ARM.Build.0 = Debug|ARM
		{1E1699A5-2C5E-4262-99B1-DCA93DC9EFA6}.Debug|ARM.Deploy.0 = Debug|ARM
		{1E1699A5-2C5E-4262-99B1-DCA93DC9EFA6}.Debug|iPhone.ActiveCfg = Debug|Any CPU
		{1E1699A5-2C5E-4262-99B1-DCA93DC9EFA6}.Debug|iPhone.Build.0 = Debug|Any CPU
		{1E1699A5-2C5E-4262-99B1-DCA93DC9EFA6}.Debug|iPhone.Deploy.0 = Debug|Any CPU
		{1E1699A5-2C5E-4262-99B1-DCA93DC9EFA6}.Debug|iPhoneSimulator.ActiveCfg = Debug|Any CPU
		{1E1699A5-2C5E-4262-99B1-DCA93DC9EFA6}.Debug|iPhoneSimulator.Build.0 = Debug|Any CPU
		{1E1699A5-2C5E-4262-99B1-DCA93DC9EFA6}.Debug|iPhoneSimulator.Deploy.0 = Debug|Any CPU
		{1E1699A5-2C5E-4262-99B1-DCA93DC9EFA6}.Debug|x64.ActiveCfg = Debug|Any CPU
		{1E1699A5-2C5E-4262-99B1-DCA93DC9EFA6}.Debug|x64.Build.0 = Debug|Any CPU
		{1E1699A5-2C5E-4262-99B1-DCA93DC9EFA6}.Debug|x64.Deploy.0 = Debug|Any CPU
		{1E1699A5-2C5E-4262-99B1-DCA93DC9EFA6}.Debug|x86.ActiveCfg = Debug|x86
		{1E1699A5-2C5E-4262-99B1-DCA93DC9EFA6}.Debug|x86.Build.0 = Debug|x86
		{1E1699A5-2C5E-4262-99B1-DCA93DC9EFA6}.Debug|x86.Deploy.0 = Debug|x86
		{1E1699A5-2C5E-4262-99B1-DCA93DC9EFA6}.Release|Any CPU.ActiveCfg = Release|Any CPU
		{1E1699A5-2C5E-4262-99B1-DCA93DC9EFA6}.Release|Any CPU.Build.0 = Release|Any CPU
		{1E1699A5-2C5E-4262-99B1-DCA93DC9EFA6}.Release|Any CPU.Deploy.0 = Release|Any CPU
		{1E1699A5-2C5E-4262-99B1-DCA93DC9EFA6}.Release|ARM.ActiveCfg = Release|ARM
		{1E1699A5-2C5E-4262-99B1-DCA93DC9EFA6}.Release|ARM.Build.0 = Release|ARM
		{1E1699A5-2C5E-4262-99B1-DCA93DC9EFA6}.Release|ARM.Deploy.0 = Release|ARM
		{1E1699A5-2C5E-4262-99B1-DCA93DC9EFA6}.Release|iPhone.ActiveCfg = Release|Any CPU
		{1E1699A5-2C5E-4262-99B1-DCA93DC9EFA6}.Release|iPhone.Build.0 = Release|Any CPU
		{1E1699A5-2C5E-4262-99B1-DCA93DC9EFA6}.Release|iPhone.Deploy.0 = Release|Any CPU
		{1E1699A5-2C5E-4262-99B1-DCA93DC9EFA6}.Release|iPhoneSimulator.ActiveCfg = Release|Any CPU
		{1E1699A5-2C5E-4262-99B1-DCA93DC9EFA6}.Release|iPhoneSimulator.Build.0 = Release|Any CPU
		{1E1699A5-2C5E-4262-99B1-DCA93DC9EFA6}.Release|iPhoneSimulator.Deploy.0 = Release|Any CPU
		{1E1699A5-2C5E-4262-99B1-DCA93DC9EFA6}.Release|x64.ActiveCfg = Release|Any CPU
		{1E1699A5-2C5E-4262-99B1-DCA93DC9EFA6}.Release|x64.Build.0 = Release|Any CPU
		{1E1699A5-2C5E-4262-99B1-DCA93DC9EFA6}.Release|x64.Deploy.0 = Release|Any CPU
		{1E1699A5-2C5E-4262-99B1-DCA93DC9EFA6}.Release|x86.ActiveCfg = Release|x86
		{1E1699A5-2C5E-4262-99B1-DCA93DC9EFA6}.Release|x86.Build.0 = Release|x86
		{1E1699A5-2C5E-4262-99B1-DCA93DC9EFA6}.Release|x86.Deploy.0 = Release|x86
		{2A312A67-AF51-4F83-8C32-D96A25D1E6DE}.Ad-Hoc|Any CPU.ActiveCfg = Release|x86
		{2A312A67-AF51-4F83-8C32-D96A25D1E6DE}.Ad-Hoc|Any CPU.Build.0 = Release|x86
		{2A312A67-AF51-4F83-8C32-D96A25D1E6DE}.Ad-Hoc|Any CPU.Deploy.0 = Release|x86
		{2A312A67-AF51-4F83-8C32-D96A25D1E6DE}.Ad-Hoc|ARM.ActiveCfg = Release|ARM
		{2A312A67-AF51-4F83-8C32-D96A25D1E6DE}.Ad-Hoc|ARM.Build.0 = Release|ARM
		{2A312A67-AF51-4F83-8C32-D96A25D1E6DE}.Ad-Hoc|ARM.Deploy.0 = Release|ARM
		{2A312A67-AF51-4F83-8C32-D96A25D1E6DE}.Ad-Hoc|iPhone.ActiveCfg = Release|x86
		{2A312A67-AF51-4F83-8C32-D96A25D1E6DE}.Ad-Hoc|iPhone.Build.0 = Release|x86
		{2A312A67-AF51-4F83-8C32-D96A25D1E6DE}.Ad-Hoc|iPhone.Deploy.0 = Release|x86
		{2A312A67-AF51-4F83-8C32-D96A25D1E6DE}.Ad-Hoc|iPhoneSimulator.ActiveCfg = Release|x86
		{2A312A67-AF51-4F83-8C32-D96A25D1E6DE}.Ad-Hoc|iPhoneSimulator.Build.0 = Release|x86
		{2A312A67-AF51-4F83-8C32-D96A25D1E6DE}.Ad-Hoc|iPhoneSimulator.Deploy.0 = Release|x86
		{2A312A67-AF51-4F83-8C32-D96A25D1E6DE}.Ad-Hoc|x64.ActiveCfg = Release|x64
		{2A312A67-AF51-4F83-8C32-D96A25D1E6DE}.Ad-Hoc|x64.Build.0 = Release|x64
		{2A312A67-AF51-4F83-8C32-D96A25D1E6DE}.Ad-Hoc|x64.Deploy.0 = Release|x64
		{2A312A67-AF51-4F83-8C32-D96A25D1E6DE}.Ad-Hoc|x86.ActiveCfg = Release|x86
		{2A312A67-AF51-4F83-8C32-D96A25D1E6DE}.Ad-Hoc|x86.Build.0 = Release|x86
		{2A312A67-AF51-4F83-8C32-D96A25D1E6DE}.Ad-Hoc|x86.Deploy.0 = Release|x86
		{2A312A67-AF51-4F83-8C32-D96A25D1E6DE}.AppStore|Any CPU.ActiveCfg = Release|x86
		{2A312A67-AF51-4F83-8C32-D96A25D1E6DE}.AppStore|Any CPU.Build.0 = Release|x86
		{2A312A67-AF51-4F83-8C32-D96A25D1E6DE}.AppStore|Any CPU.Deploy.0 = Release|x86
		{2A312A67-AF51-4F83-8C32-D96A25D1E6DE}.AppStore|ARM.ActiveCfg = Release|ARM
		{2A312A67-AF51-4F83-8C32-D96A25D1E6DE}.AppStore|ARM.Build.0 = Release|ARM
		{2A312A67-AF51-4F83-8C32-D96A25D1E6DE}.AppStore|ARM.Deploy.0 = Release|ARM
		{2A312A67-AF51-4F83-8C32-D96A25D1E6DE}.AppStore|iPhone.ActiveCfg = Release|x86
		{2A312A67-AF51-4F83-8C32-D96A25D1E6DE}.AppStore|iPhone.Build.0 = Release|x86
		{2A312A67-AF51-4F83-8C32-D96A25D1E6DE}.AppStore|iPhone.Deploy.0 = Release|x86
		{2A312A67-AF51-4F83-8C32-D96A25D1E6DE}.AppStore|iPhoneSimulator.ActiveCfg = Release|x86
		{2A312A67-AF51-4F83-8C32-D96A25D1E6DE}.AppStore|iPhoneSimulator.Build.0 = Release|x86
		{2A312A67-AF51-4F83-8C32-D96A25D1E6DE}.AppStore|iPhoneSimulator.Deploy.0 = Release|x86
		{2A312A67-AF51-4F83-8C32-D96A25D1E6DE}.AppStore|x64.ActiveCfg = Release|x64
		{2A312A67-AF51-4F83-8C32-D96A25D1E6DE}.AppStore|x64.Build.0 = Release|x64
		{2A312A67-AF51-4F83-8C32-D96A25D1E6DE}.AppStore|x64.Deploy.0 = Release|x64
		{2A312A67-AF51-4F83-8C32-D96A25D1E6DE}.AppStore|x86.ActiveCfg = Release|x86
		{2A312A67-AF51-4F83-8C32-D96A25D1E6DE}.AppStore|x86.Build.0 = Release|x86
		{2A312A67-AF51-4F83-8C32-D96A25D1E6DE}.AppStore|x86.Deploy.0 = Release|x86
		{2A312A67-AF51-4F83-8C32-D96A25D1E6DE}.Debug|Any CPU.ActiveCfg = Debug|x86
		{2A312A67-AF51-4F83-8C32-D96A25D1E6DE}.Debug|ARM.ActiveCfg = Debug|ARM
		{2A312A67-AF51-4F83-8C32-D96A25D1E6DE}.Debug|ARM.Build.0 = Debug|ARM
		{2A312A67-AF51-4F83-8C32-D96A25D1E6DE}.Debug|ARM.Deploy.0 = Debug|ARM
		{2A312A67-AF51-4F83-8C32-D96A25D1E6DE}.Debug|iPhone.ActiveCfg = Debug|x86
		{2A312A67-AF51-4F83-8C32-D96A25D1E6DE}.Debug|iPhoneSimulator.ActiveCfg = Debug|x86
		{2A312A67-AF51-4F83-8C32-D96A25D1E6DE}.Debug|x64.ActiveCfg = Debug|x64
		{2A312A67-AF51-4F83-8C32-D96A25D1E6DE}.Debug|x64.Build.0 = Debug|x64
		{2A312A67-AF51-4F83-8C32-D96A25D1E6DE}.Debug|x64.Deploy.0 = Debug|x64
		{2A312A67-AF51-4F83-8C32-D96A25D1E6DE}.Debug|x86.ActiveCfg = Debug|x86
		{2A312A67-AF51-4F83-8C32-D96A25D1E6DE}.Debug|x86.Build.0 = Debug|x86
		{2A312A67-AF51-4F83-8C32-D96A25D1E6DE}.Debug|x86.Deploy.0 = Debug|x86
		{2A312A67-AF51-4F83-8C32-D96A25D1E6DE}.Release|Any CPU.ActiveCfg = Release|x86
		{2A312A67-AF51-4F83-8C32-D96A25D1E6DE}.Release|ARM.ActiveCfg = Release|ARM
		{2A312A67-AF51-4F83-8C32-D96A25D1E6DE}.Release|ARM.Build.0 = Release|ARM
		{2A312A67-AF51-4F83-8C32-D96A25D1E6DE}.Release|ARM.Deploy.0 = Release|ARM
		{2A312A67-AF51-4F83-8C32-D96A25D1E6DE}.Release|iPhone.ActiveCfg = Release|x86
		{2A312A67-AF51-4F83-8C32-D96A25D1E6DE}.Release|iPhoneSimulator.ActiveCfg = Release|x86
		{2A312A67-AF51-4F83-8C32-D96A25D1E6DE}.Release|x64.ActiveCfg = Release|x64
		{2A312A67-AF51-4F83-8C32-D96A25D1E6DE}.Release|x64.Build.0 = Release|x64
		{2A312A67-AF51-4F83-8C32-D96A25D1E6DE}.Release|x64.Deploy.0 = Release|x64
		{2A312A67-AF51-4F83-8C32-D96A25D1E6DE}.Release|x86.ActiveCfg = Release|x86
		{2A312A67-AF51-4F83-8C32-D96A25D1E6DE}.Release|x86.Build.0 = Release|x86
		{2A312A67-AF51-4F83-8C32-D96A25D1E6DE}.Release|x86.Deploy.0 = Release|x86
		{3E704D5F-F6BD-4E51-AE02-952D61112A79}.Ad-Hoc|Any CPU.ActiveCfg = Release|Any CPU
		{3E704D5F-F6BD-4E51-AE02-952D61112A79}.Ad-Hoc|Any CPU.Build.0 = Release|Any CPU
		{3E704D5F-F6BD-4E51-AE02-952D61112A79}.Ad-Hoc|Any CPU.Deploy.0 = Release|Any CPU
		{3E704D5F-F6BD-4E51-AE02-952D61112A79}.Ad-Hoc|ARM.ActiveCfg = Release|ARM
		{3E704D5F-F6BD-4E51-AE02-952D61112A79}.Ad-Hoc|ARM.Build.0 = Release|ARM
		{3E704D5F-F6BD-4E51-AE02-952D61112A79}.Ad-Hoc|ARM.Deploy.0 = Release|ARM
		{3E704D5F-F6BD-4E51-AE02-952D61112A79}.Ad-Hoc|iPhone.ActiveCfg = Release|Any CPU
		{3E704D5F-F6BD-4E51-AE02-952D61112A79}.Ad-Hoc|iPhone.Build.0 = Release|Any CPU
		{3E704D5F-F6BD-4E51-AE02-952D61112A79}.Ad-Hoc|iPhone.Deploy.0 = Release|Any CPU
		{3E704D5F-F6BD-4E51-AE02-952D61112A79}.Ad-Hoc|iPhoneSimulator.ActiveCfg = Release|Any CPU
		{3E704D5F-F6BD-4E51-AE02-952D61112A79}.Ad-Hoc|iPhoneSimulator.Build.0 = Release|Any CPU
		{3E704D5F-F6BD-4E51-AE02-952D61112A79}.Ad-Hoc|iPhoneSimulator.Deploy.0 = Release|Any CPU
		{3E704D5F-F6BD-4E51-AE02-952D61112A79}.Ad-Hoc|x64.ActiveCfg = Release|x64
		{3E704D5F-F6BD-4E51-AE02-952D61112A79}.Ad-Hoc|x64.Build.0 = Release|x64
		{3E704D5F-F6BD-4E51-AE02-952D61112A79}.Ad-Hoc|x64.Deploy.0 = Release|x64
		{3E704D5F-F6BD-4E51-AE02-952D61112A79}.Ad-Hoc|x86.ActiveCfg = Release|x86
		{3E704D5F-F6BD-4E51-AE02-952D61112A79}.Ad-Hoc|x86.Build.0 = Release|x86
		{3E704D5F-F6BD-4E51-AE02-952D61112A79}.Ad-Hoc|x86.Deploy.0 = Release|x86
		{3E704D5F-F6BD-4E51-AE02-952D61112A79}.AppStore|Any CPU.ActiveCfg = Release|Any CPU
		{3E704D5F-F6BD-4E51-AE02-952D61112A79}.AppStore|Any CPU.Build.0 = Release|Any CPU
		{3E704D5F-F6BD-4E51-AE02-952D61112A79}.AppStore|Any CPU.Deploy.0 = Release|Any CPU
		{3E704D5F-F6BD-4E51-AE02-952D61112A79}.AppStore|ARM.ActiveCfg = Release|ARM
		{3E704D5F-F6BD-4E51-AE02-952D61112A79}.AppStore|ARM.Build.0 = Release|ARM
		{3E704D5F-F6BD-4E51-AE02-952D61112A79}.AppStore|ARM.Deploy.0 = Release|ARM
		{3E704D5F-F6BD-4E51-AE02-952D61112A79}.AppStore|iPhone.ActiveCfg = Release|Any CPU
		{3E704D5F-F6BD-4E51-AE02-952D61112A79}.AppStore|iPhone.Build.0 = Release|Any CPU
		{3E704D5F-F6BD-4E51-AE02-952D61112A79}.AppStore|iPhone.Deploy.0 = Release|Any CPU
		{3E704D5F-F6BD-4E51-AE02-952D61112A79}.AppStore|iPhoneSimulator.ActiveCfg = Release|Any CPU
		{3E704D5F-F6BD-4E51-AE02-952D61112A79}.AppStore|iPhoneSimulator.Build.0 = Release|Any CPU
		{3E704D5F-F6BD-4E51-AE02-952D61112A79}.AppStore|iPhoneSimulator.Deploy.0 = Release|Any CPU
		{3E704D5F-F6BD-4E51-AE02-952D61112A79}.AppStore|x64.ActiveCfg = Release|x64
		{3E704D5F-F6BD-4E51-AE02-952D61112A79}.AppStore|x64.Build.0 = Release|x64
		{3E704D5F-F6BD-4E51-AE02-952D61112A79}.AppStore|x64.Deploy.0 = Release|x64
		{3E704D5F-F6BD-4E51-AE02-952D61112A79}.AppStore|x86.ActiveCfg = Release|x86
		{3E704D5F-F6BD-4E51-AE02-952D61112A79}.AppStore|x86.Build.0 = Release|x86
		{3E704D5F-F6BD-4E51-AE02-952D61112A79}.AppStore|x86.Deploy.0 = Release|x86
		{3E704D5F-F6BD-4E51-AE02-952D61112A79}.Debug|Any CPU.ActiveCfg = Debug|Any CPU
		{3E704D5F-F6BD-4E51-AE02-952D61112A79}.Debug|Any CPU.Build.0 = Debug|Any CPU
		{3E704D5F-F6BD-4E51-AE02-952D61112A79}.Debug|Any CPU.Deploy.0 = Debug|Any CPU
		{3E704D5F-F6BD-4E51-AE02-952D61112A79}.Debug|ARM.ActiveCfg = Debug|ARM
		{3E704D5F-F6BD-4E51-AE02-952D61112A79}.Debug|ARM.Build.0 = Debug|ARM
		{3E704D5F-F6BD-4E51-AE02-952D61112A79}.Debug|ARM.Deploy.0 = Debug|ARM
		{3E704D5F-F6BD-4E51-AE02-952D61112A79}.Debug|iPhone.ActiveCfg = Debug|Any CPU
		{3E704D5F-F6BD-4E51-AE02-952D61112A79}.Debug|iPhone.Build.0 = Debug|Any CPU
		{3E704D5F-F6BD-4E51-AE02-952D61112A79}.Debug|iPhone.Deploy.0 = Debug|Any CPU
		{3E704D5F-F6BD-4E51-AE02-952D61112A79}.Debug|iPhoneSimulator.ActiveCfg = Debug|Any CPU
		{3E704D5F-F6BD-4E51-AE02-952D61112A79}.Debug|iPhoneSimulator.Build.0 = Debug|Any CPU
		{3E704D5F-F6BD-4E51-AE02-952D61112A79}.Debug|iPhoneSimulator.Deploy.0 = Debug|Any CPU
		{3E704D5F-F6BD-4E51-AE02-952D61112A79}.Debug|x64.ActiveCfg = Debug|x64
		{3E704D5F-F6BD-4E51-AE02-952D61112A79}.Debug|x64.Build.0 = Debug|x64
		{3E704D5F-F6BD-4E51-AE02-952D61112A79}.Debug|x64.Deploy.0 = Debug|x64
		{3E704D5F-F6BD-4E51-AE02-952D61112A79}.Debug|x86.ActiveCfg = Debug|x86
		{3E704D5F-F6BD-4E51-AE02-952D61112A79}.Debug|x86.Build.0 = Debug|x86
		{3E704D5F-F6BD-4E51-AE02-952D61112A79}.Debug|x86.Deploy.0 = Debug|x86
		{3E704D5F-F6BD-4E51-AE02-952D61112A79}.Release|Any CPU.ActiveCfg = Release|Any CPU
		{3E704D5F-F6BD-4E51-AE02-952D61112A79}.Release|Any CPU.Build.0 = Release|Any CPU
		{3E704D5F-F6BD-4E51-AE02-952D61112A79}.Release|Any CPU.Deploy.0 = Release|Any CPU
		{3E704D5F-F6BD-4E51-AE02-952D61112A79}.Release|ARM.ActiveCfg = Release|ARM
		{3E704D5F-F6BD-4E51-AE02-952D61112A79}.Release|ARM.Build.0 = Release|ARM
		{3E704D5F-F6BD-4E51-AE02-952D61112A79}.Release|ARM.Deploy.0 = Release|ARM
		{3E704D5F-F6BD-4E51-AE02-952D61112A79}.Release|iPhone.ActiveCfg = Release|Any CPU
		{3E704D5F-F6BD-4E51-AE02-952D61112A79}.Release|iPhone.Build.0 = Release|Any CPU
		{3E704D5F-F6BD-4E51-AE02-952D61112A79}.Release|iPhone.Deploy.0 = Release|Any CPU
		{3E704D5F-F6BD-4E51-AE02-952D61112A79}.Release|iPhoneSimulator.ActiveCfg = Release|Any CPU
		{3E704D5F-F6BD-4E51-AE02-952D61112A79}.Release|iPhoneSimulator.Build.0 = Release|Any CPU
		{3E704D5F-F6BD-4E51-AE02-952D61112A79}.Release|iPhoneSimulator.Deploy.0 = Release|Any CPU
		{3E704D5F-F6BD-4E51-AE02-952D61112A79}.Release|x64.ActiveCfg = Release|x64
		{3E704D5F-F6BD-4E51-AE02-952D61112A79}.Release|x64.Build.0 = Release|x64
		{3E704D5F-F6BD-4E51-AE02-952D61112A79}.Release|x64.Deploy.0 = Release|x64
		{3E704D5F-F6BD-4E51-AE02-952D61112A79}.Release|x86.ActiveCfg = Release|x86
		{3E704D5F-F6BD-4E51-AE02-952D61112A79}.Release|x86.Build.0 = Release|x86
		{3E704D5F-F6BD-4E51-AE02-952D61112A79}.Release|x86.Deploy.0 = Release|x86
	EndGlobalSection
	GlobalSection(SolutionProperties) = preSolution
		HideSolutionNode = FALSE
	EndGlobalSection
EndGlobal
